# THIS IS AN AUTOGENERATED FILE. DO NOT EDIT THIS FILE DIRECTLY.
# yarn lockfile v1


"@asianpersonn/dict-utils@^1.0.0":
  version "1.0.0"
  resolved "https://registry.yarnpkg.com/@asianpersonn/dict-utils/-/dict-utils-1.0.0.tgz#5959b072acc48b60adb303db20d0532d8de4772e"
  integrity sha512-EEVZUhwpC/0Ee7WNh4GfnFqmY3XdXZCGBhXB2+rOvYnu9BQN4OpO6puR0SR6nZg6w7bx+Uyqh7nV8i65dLj3ww==
